
Microsoft Visual Studio Solution File, Format Version 12.00
# Visual Studio Version 17
VisualStudioVersion = 17.7.34221.43
MinimumVisualStudioVersion = 10.0.40219.1
Project("{FAE04EC0-301F-11D3-BF4B-00C04F79EFBC}") = "BrawlStreamStatsHelper", "BrawlStreamStatsHelper.csproj", "{C9B654B8-BCF4-47DA-8045-57509CAC3393}"
EndProject
Global
	GlobalSection(SolutionConfigurationPlatforms) = preSolution
		Debug|Any CPU = Debug|Any CPU
		Release|Any CPU = Release|Any CPU
	EndGlobalSection
	GlobalSection(ProjectConfigurationPlatforms) = postSolution
		{C9B654B8-BCF4-47DA-8045-57509CAC3393}.Debug|Any CPU.ActiveCfg = Debug|Any CPU
		{C9B654B8-BCF4-47DA-8045-57509CAC3393}.Debug|Any CPU.Build.0 = Debug|Any CPU
		{C9B654B8-BCF4-47DA-8045-57509CAC3393}.Release|Any CPU.ActiveCfg = Release|Any CPU
		{C9B654B8-BCF4-47DA-8045-57509CAC3393}.Release|Any CPU.Build.0 = Release|Any CPU
	EndGlobalSection
	GlobalSection(SolutionProperties) = preSolution
		HideSolutionNode = FALSE
	EndGlobalSection
	GlobalSection(ExtensibilityGlobals) = postSolution
		SolutionGuid = {E193FAA1-D9B7-4534-A030-89655248C390}
	EndGlobalSection
EndGlobal
